schema: '2.0'
stages:
  build_splot_maps:
    cmd: python ../../../stages/build_splot_maps.py --params params.yaml --partitions
      milan genoa --cpus 61 --mem 256GB --time 01:30:00
    deps:
    - path: ../../../data/interim/splot/filtered_surveys/try6/splot_filtered.parquet
      hash: md5
      md5: 365278ea23f682c67d2244c470471b53
      size: 144452091
    - path: ../../../data/interim/traits/try6_no-xf/try6_no-xf.parquet
      hash: md5
      md5: f1966cc61a642f8748e51cdb04abef84
      size: 10492423
    - path: ../../../src/data/build_splot_map.py
      hash: md5
      md5: d54880ed83df729e665309208a776542
      size: 6064
    outs:
    - path: ../../../data/interim/splot/maps/try6_q05_stg_no-xf_1km
      hash: md5
      md5: 9b883b91fab926435f82a05b5be60214.dir
      size: 1213468374
      nfiles: 31
  build_gbif_maps:
    cmd: python ../../../stages/build_gbif_maps.py --params params.yaml --partitions
      milan genoa --cpus 61 --mem 450GB --time 01:30:00
    deps:
    - path: ../../../data/interim/gbif/filtered_occurrences/try6/gbif_filtered.parquet
      hash: md5
      md5: 3f07282ef229875bacff48149b2e28a9.dir
      size: 2277005028
      nfiles: 523
    - path: ../../../data/interim/traits/try6_no-xf/try6_no-xf.parquet
      hash: md5
      md5: f1966cc61a642f8748e51cdb04abef84
      size: 10492423
    - path: ../../../src/data/build_gbif_map.py
      hash: md5
      md5: a7fe643dd9185bc5610ea95843403dcb
      size: 4824
    outs:
    - path: ../../../data/interim/gbif/maps/try6_q05_stg_no-xf_1km
      hash: md5
      md5: 76a0dc0833c8a802b3d98f0ffedf9160.dir
      size: 3350236278
      nfiles: 31
  build_y:
    cmd: python ../../../stages/build_y.py --params params.yaml --partitions milan
      genoa --time 01:00:00 --cpus 9 --mem 128GB --merge-cpus 9 --merge-mem 450GB
      --overwrite
    deps:
    - path: ../../../data/interim/gbif/maps/try6_stg_no-xf_1km
      hash: md5
      md5: 76a0dc0833c8a802b3d98f0ffedf9160.dir
      size: 3350236278
      nfiles: 31
    - path: ../../../data/interim/splot/maps/try6_stg_no-xf_1km
      hash: md5
      md5: 9b883b91fab926435f82a05b5be60214.dir
      size: 1213468374
      nfiles: 31
    - path: ../../../src/features/build_y_trait.py
      hash: md5
      md5: 0c07999e094f7f0504806e36e42c69de
      size: 15226
    - path: ../../../src/features/merge_y_traits.py
      hash: md5
      md5: 6bb6f9892372c4c5ad688fb4486bf036
      size: 13100
    - path: ../../../stages/build_y.py
      hash: md5
      md5: 304840a474bb0b3ea6fa51dcb35512ef
      size: 11921
      isexec: true
    params:
      params.yaml:
        datasets.Y.trait_stat: 1
        train.Y.fp: data/features/try6_q05_stg_no-xf_1km/y_data/Y.parquet
        traits.names:
        - X4
        - X6
        - X13
        - X14
        - X15
        - X46
        - X50
        - X55
        - X78
        - X138
        - X145
        - X146
        - X169
        - X237
        - X281
        - X3114
        - X3117
        traits.power_transform: false
        traits.transformer_dir: data/features/try6_q05_stg_no-xf_1km/y_data/transformers
    outs:
    - path: ../../../data/features/try6_q05_stg_no-xf_1km/y_data
      hash: md5
      md5: 7bb3b80f3c1e1549e46dd9502d32660c.dir
      size: 93051826
      nfiles: 3
  calculate_spatial_autocorr:
    cmd: python ../../../stages/calc_spatial_autocorr.py --params params.yaml --partition
      l40s --gpus 1 --time 0:10:00
    deps:
    - path: ../../../data/features/try6_q05_stg_no-xf_1km/y_data/Y.parquet
      hash: md5
      md5: 4892318a8de76520160a9ba6a737e034.dir
      size: 92098896
      nfiles: 1
    - path: ../../../src/features/calc_spatial_autocorr_gpu.py
      hash: md5
      md5: fa5e532d1648ee806e500e659a7560e5
      size: 37045
    params:
      params.yaml:
        spatial_autocorr.ranges_fp: data/features/try6_q05_stg_no-xf_1km/spatial_autocorr.parquet
    outs:
    - path: ../../../data/features/try6_q05_stg_no-xf_1km/spatial_autocorr.parquet
      hash: md5
      md5: 0d0b5d6d2f9ea8848b2288ee2bde42ec
      size: 8472
  build_cv_splits:
    cmd: python ../../../stages/build_cv_splits.py --params params.yaml --partitions
      genoa milan --cpus 100 --mem 64GB --time 00:20:00 --overwrite
    deps:
    - path: ../../../data/features/try6_q05_stg_no-xf_1km/spatial_autocorr.parquet
      hash: md5
      md5: 0d0b5d6d2f9ea8848b2288ee2bde42ec
      size: 8472
    - path: ../../../data/features/try6_q05_stg_no-xf_1km/y_data/Y.parquet
      hash: md5
      md5: 4892318a8de76520160a9ba6a737e034.dir
      size: 92098896
      nfiles: 1
    - path: ../../../src/features/build_cv_splits.py
      hash: md5
      md5: 6e012405cc7a7230599af2212d5d8a83
      size: 24127
    - path: ../../../stages/build_cv_splits.py
      hash: md5
      md5: d34f09cb62f6162c3be00460bf3d3c68
      size: 16937
      isexec: true
    params:
      params.yaml:
        spatial_autocorr.ranges_fp: data/features/try6_q05_stg_no-xf_1km/spatial_autocorr.parquet
        train.Y.fp: data/features/try6_q05_stg_no-xf_1km/y_data/Y.parquet
        train.cv_splits:
          custom_range: 700000
          range_mode: all_traits
          per_trait_stat: mean
          all_traits_aggregation: min
          range_stat: mean
          n_splits: 6
          n_sims: 200
          balance_weight: 0
          dir: skcv_splits
          dir_fp: data/features/try6_q05_stg_no-xf_1km/skcv_splits
    outs:
    - path: ../../../data/features/try6_q05_stg_no-xf_1km/skcv_splits
      hash: md5
      md5: 7099610e35842589a46e462891939331.dir
      size: 142290527
      nfiles: 62
  prepare_xy_data:
    cmd: python ../../../stages/prepare_xy_data.py --params params.yaml --partition
      genoa --cpus 48 --mem 256GB --time 01:00:00
    deps:
    - path: ../../../data/features/predict/modis_wc2_soil_canopy_vodca_alos_1km/X.parquet
      hash: md5
      md5: 9c9a86422be1edfff220bad343985715
      size: 28636601445
    - path: ../../../data/features/try6_q05_stg_no-xf_1km/skcv_splits
      hash: md5
      md5: 7099610e35842589a46e462891939331.dir
      size: 142290527
      nfiles: 62
    - path: ../../../data/features/try6_q05_stg_no-xf_1km/y_data/Y.parquet
      hash: md5
      md5: 4892318a8de76520160a9ba6a737e034.dir
      size: 92098896
      nfiles: 1
    - path: ../../../stages/prepare_xy_data.py
      hash: md5
      md5: 32e0ebb937560acd7291f75a0c72c23a
      size: 11058
    params:
      params.yaml:
        train.Y.fp: data/features/try6_q05_stg_no-xf_1km/y_data/Y.parquet
        train.cv_splits.dir_fp: data/features/try6_q05_stg_no-xf_1km/skcv_splits
        train.predict.fp: data/features/predict/modis_wc2_soil_canopy_vodca_alos_1km/X.parquet
        train.xy_data.fp: data/features/try6_q05_stg_no-xf_1km/xy_data/xy_all_traits.parquet
    outs:
    - path: ../../../data/features/try6_q05_stg_no-xf_1km/xy_data/xy_all_traits.parquet
      hash: md5
      md5: e22379cd339fc4cac38b6139981e5291
      size: 371464651
  train_models:
    cmd: python ../../../stages/train_models.py --params params.yaml --trait-sets
      splot_gbif --partitions genoa milan --cpus 98 --mem 80GB --time 3:00:00 --traits
      X50
    deps:
    - path: ../../../data/features/try6_q05_stg_no-xf_1km/skcv_splits
      hash: md5
      md5: 7099610e35842589a46e462891939331.dir
      size: 142290527
      nfiles: 62
    - path: ../../../data/features/try6_q05_stg_no-xf_1km/xy_data/xy_all_traits.parquet
      hash: md5
      md5: e22379cd339fc4cac38b6139981e5291
      size: 371464651
    - path: ../../../src/models/autogluon.py
      hash: md5
      md5: b266da60e787fab042b75753b713e68d
      size: 16782
    - path: ../../../stages/train_models.py
      hash: md5
      md5: 26f957f6bce481783450f84ab1cec447
      size: 38159
      isexec: true
    params:
      params.yaml:
        autogluon:
          included_model_types:
          - GBM
          - CAT
          excluded_model_types:
          presets:
          - medium
          dynamic_stacking: true
          num_bag_folds:
          num_stack_levels:
          save_bag_folds: true
          refit_full: false
          set_best_to_refit_full: false
          cv_fit_time_limit: 1
          full_fit_time_limit: 1
          feature_importance: true
          FI_time_limit: 0.5
          FI_num_shuffle_sets: 10
        models.dir_fp: models/try6_q05_stg_no-xf_1km
        train.arch: autogluon
        train.cv_splits.n_splits: 6
        train.eval_results: evaluation_results.csv
        train.feature_importance: feature_importance.csv
        train.trait_sets:
        - splot_gbif
        train.weights:
          fn: feature_weights.parquet
          method: auto
          splot: 1.0
          gbif: 0.08661
    outs:
    - path: ../../../models/try6_q05_stg_no-xf_1km
      hash: md5
      md5: 31f783602b76ae081af3c2cc7624fbbf.dir
      size: 1376212377
      nfiles: 154
