schema: '2.0'
stages:
  build_histogram_xy:
    cmd: uv run python ../../../stages/build_histogram_xy.py --params params.yaml
      --partitions genoa milan --cpus 2 --mem 8GB --time 00:10:00 --overwrite
    deps:
    - path: ../../../data/features/predict/modis_wc2_soil_canopy_vodca_alos_22km/X.parquet
      hash: md5
      md5: a6977a3ec18b6c3a93a5658a59e51a4f
      size: 62403668
    - path: 
        ../../../data/interim/histogram_targets/try6_hist_pow-xf_22km/gbif/histograms.zarr
      hash: md5
      md5: dba34bc22f8b1acd00b319352b973d76.dir
      size: 110787221
      nfiles: 149
    - path: 
        ../../../data/interim/histogram_targets/try6_hist_pow-xf_22km/splot/histograms.zarr
      hash: md5
      md5: 55b17c7f74a2b2b91e4db07a5c7e9274.dir
      size: 43762928
      nfiles: 76
    - path: ../../../src/features/build_histogram_xy.py
      hash: md5
      md5: 368a6431a71695ce01109e3c45c79019
      size: 17524
    - path: ../../../src/models/histogram_mlp/cv_splits.py
      hash: md5
      md5: 5eeea727f252a19a2f0a5b0ddca588b9
      size: 4049
    params:
      params.yaml:
        eo_features.x_fp: data/features/predict/modis_wc2_soil_canopy_vodca_alos_22km/X.parquet
        output.dir: data/interim/histogram_targets/try6_hist_pow-xf_22km
        output.xy_dir: data/features/try6_hist_pow-xf_22km/xy_data
        target_resolution: 22000
        train.h3_resolution: 1
        train.n_fold_iterations: 100
        train.n_folds: 5
    outs:
    - path: ../../../data/features/try6_hist_pow-xf_22km/xy_data
      hash: md5
      md5: 9e98f7cff8321d18577db632aad001fc.dir
      size: 157428597
      nfiles: 217
  run_histogram_hpo:
    cmd: uv run python ../../../stages/run_histogram_hpo.py --params params.yaml --partitions
      l40s --n-workers 6 --n-trials-per-worker 25 --hpo-fold None --gpus 1 --cpus
      4 --mem 16GB --time 01:00:00
    deps:
    - path: ../../../data/features/try6_hist_pow-xf_22km/xy_data/train.zarr
      hash: md5
      md5: 280376d45fc579dbc41057d00d4c3165.dir
      size: 156890568
      nfiles: 216
    - path: ../../../src/models/histogram_mlp/cv_splits.py
      hash: md5
      md5: 5eeea727f252a19a2f0a5b0ddca588b9
      size: 4049
    - path: ../../../src/models/histogram_mlp/dataset.py
      hash: md5
      md5: d2246544c03d8ae000efa8ae91c6b0d4
      size: 5090
    - path: ../../../src/models/histogram_mlp/hpo.py
      hash: md5
      md5: 24ef32c1690c495da0d2b8c308f7a458
      size: 10556
    - path: ../../../src/models/histogram_mlp/loss.py
      hash: md5
      md5: f8e0a851b59726627e4ff57a0ded9256
      size: 2648
    - path: ../../../src/models/histogram_mlp/model.py
      hash: md5
      md5: 87b4d4933d5271250b1a7a111e7ff9be
      size: 2141
    - path: ../../../src/models/histogram_mlp/train.py
      hash: md5
      md5: c722253a167a929ba51ad58142ee975c
      size: 21076
    params:
      params.yaml:
        histogram:
          n_bins: 20
          label_smoothing_epsilon: 0.01
        hpo:
          n_workers: 6
          n_trials_per_worker: 25
          hpo_fold:
        train:
          arch: histogram_mlp
          hidden_dims:
          - 512
          - 256
          - 256
          dropout: 0.2
          batch_size: 1024
          lr: 0.001
          weight_decay: 0.01
          max_epochs: 200
          patience: 20
          n_folds: 5
          h3_resolution: 1
          n_fold_iterations: 100
          standardize_features: true
          vodca_sentinel: 32767
    outs:
    - path: ../../../models/try6_hist_pow-xf_22km/hpo
      hash: md5
      md5: 2ec5cc4d09e9bced7e5c947de8e9fc55.dir
      size: 1279428027
      nfiles: 534
