schema: '2.0'
stages:
  build_histogram_xy:
    cmd: uv run python ../../../stages/build_histogram_xy.py --params params.yaml
      --partitions genoa milan --cpus 2 --mem 8GB --time 00:10:00 --overwrite
    deps:
    - path: ../../../data/features/predict/modis_wc2_soil_canopy_vodca_alos_22km/X.parquet
      hash: md5
      md5: a6977a3ec18b6c3a93a5658a59e51a4f
      size: 62403668
    - path: 
        ../../../data/interim/histogram_targets/try6_hist_pow-xf_22km/gbif/histograms.zarr
      hash: md5
      md5: dba34bc22f8b1acd00b319352b973d76.dir
      size: 110787221
      nfiles: 149
    - path: 
        ../../../data/interim/histogram_targets/try6_hist_pow-xf_22km/splot/histograms.zarr
      hash: md5
      md5: 55b17c7f74a2b2b91e4db07a5c7e9274.dir
      size: 43762928
      nfiles: 76
    - path: ../../../src/features/build_histogram_xy.py
      hash: md5
      md5: 368a6431a71695ce01109e3c45c79019
      size: 17524
    - path: ../../../src/models/histogram_mlp/cv_splits.py
      hash: md5
      md5: 5eeea727f252a19a2f0a5b0ddca588b9
      size: 4049
    params:
      params.yaml:
        eo_features.x_fp: data/features/predict/modis_wc2_soil_canopy_vodca_alos_22km/X.parquet
        output.dir: data/interim/histogram_targets/try6_hist_pow-xf_22km
        output.xy_dir: data/features/try6_hist_pow-xf_22km/xy_data
        target_resolution: 22000
        train.h3_resolution: 1
        train.n_fold_iterations: 100
        train.n_folds: 5
    outs:
    - path: ../../../data/features/try6_hist_pow-xf_22km/xy_data
      hash: md5
      md5: 9e98f7cff8321d18577db632aad001fc.dir
      size: 157428597
      nfiles: 217
